
Microsoft Visual Studio Solution File, Format Version 12.00
# Visual Studio 14
VisualStudioVersion = 14.0.24720.0
MinimumVisualStudioVersion = 10.0.40219.1
Project("{FAE04EC0-301F-11D3-BF4B-00C04F79EFBC}") = "OutlookTools", "OutlookTools\OutlookTools.csproj", "{0E177502-70B0-44DC-AD97-AE4BEABA60A5}"
EndProject
Project("{6141683F-8A12-4E36-9623-2EB02B2C2303}") = "OutlookToolsSetup", "OutlookToolsSetup\OutlookToolsSetup.isproj", "{6AB17605-856E-473B-B3BC-088B0EC88A09}"
EndProject
Global
	GlobalSection(SolutionConfigurationPlatforms) = preSolution
		CD_ROM|Any CPU = CD_ROM|Any CPU
		Debug|Any CPU = Debug|Any CPU
		DVD-5|Any CPU = DVD-5|Any CPU
		Release|Any CPU = Release|Any CPU
		SingleImage|Any CPU = SingleImage|Any CPU
	EndGlobalSection
	GlobalSection(ProjectConfigurationPlatforms) = postSolution
		{0E177502-70B0-44DC-AD97-AE4BEABA60A5}.CD_ROM|Any CPU.ActiveCfg = Release|Any CPU
		{0E177502-70B0-44DC-AD97-AE4BEABA60A5}.CD_ROM|Any CPU.Build.0 = Release|Any CPU
		{0E177502-70B0-44DC-AD97-AE4BEABA60A5}.Debug|Any CPU.ActiveCfg = Debug|Any CPU
		{0E177502-70B0-44DC-AD97-AE4BEABA60A5}.Debug|Any CPU.Build.0 = Debug|Any CPU
		{0E177502-70B0-44DC-AD97-AE4BEABA60A5}.DVD-5|Any CPU.ActiveCfg = Debug|Any CPU
		{0E177502-70B0-44DC-AD97-AE4BEABA60A5}.DVD-5|Any CPU.Build.0 = Debug|Any CPU
		{0E177502-70B0-44DC-AD97-AE4BEABA60A5}.Release|Any CPU.ActiveCfg = Release|Any CPU
		{0E177502-70B0-44DC-AD97-AE4BEABA60A5}.Release|Any CPU.Build.0 = Release|Any CPU
		{0E177502-70B0-44DC-AD97-AE4BEABA60A5}.Release|Any CPU.Deploy.0 = Release|Any CPU
		{0E177502-70B0-44DC-AD97-AE4BEABA60A5}.SingleImage|Any CPU.ActiveCfg = Release|Any CPU
		{0E177502-70B0-44DC-AD97-AE4BEABA60A5}.SingleImage|Any CPU.Build.0 = Release|Any CPU
		{6AB17605-856E-473B-B3BC-088B0EC88A09}.CD_ROM|Any CPU.ActiveCfg = CD_ROM
		{6AB17605-856E-473B-B3BC-088B0EC88A09}.CD_ROM|Any CPU.Build.0 = CD_ROM
		{6AB17605-856E-473B-B3BC-088B0EC88A09}.Debug|Any CPU.ActiveCfg = DVD-5
		{6AB17605-856E-473B-B3BC-088B0EC88A09}.Debug|Any CPU.Build.0 = DVD-5
		{6AB17605-856E-473B-B3BC-088B0EC88A09}.DVD-5|Any CPU.ActiveCfg = DVD-5
		{6AB17605-856E-473B-B3BC-088B0EC88A09}.DVD-5|Any CPU.Build.0 = DVD-5
		{6AB17605-856E-473B-B3BC-088B0EC88A09}.Release|Any CPU.ActiveCfg = SingleImage
		{6AB17605-856E-473B-B3BC-088B0EC88A09}.Release|Any CPU.Build.0 = SingleImage
		{6AB17605-856E-473B-B3BC-088B0EC88A09}.SingleImage|Any CPU.ActiveCfg = SingleImage
		{6AB17605-856E-473B-B3BC-088B0EC88A09}.SingleImage|Any CPU.Build.0 = SingleImage
	EndGlobalSection
	GlobalSection(SolutionProperties) = preSolution
		HideSolutionNode = FALSE
	EndGlobalSection
EndGlobal
